
Microsoft Visual Studio Solution File, Format Version 12.00
# Visual Studio Version 17
VisualStudioVersion = 17.7.34302.85
MinimumVisualStudioVersion = 10.0.40219.1
Project("{9A19103F-16F7-4668-BE54-9A1E7A4F7556}") = "QuickLap", "QuickLap\QuickLap.csproj", "{F9D8CE7D-6B4F-4418-858E-E5593CE78598}"
EndProject
Project("{9A19103F-16F7-4668-BE54-9A1E7A4F7556}") = "QuickLap.Data", "QuickLap.Data\QuickLap.Data.csproj", "{198A08DA-C7C6-4AD2-8A2F-8590BA071694}"
EndProject
Project("{9A19103F-16F7-4668-BE54-9A1E7A4F7556}") = "QuickLap.Tests", "QuickLap.Tests\QuickLap.Tests.csproj", "{BD6E6FC0-6E93-42E2-A3BB-8B0EF4EB80CE}"
EndProject
Project("{FAE04EC0-301F-11D3-BF4B-00C04F79EFBC}") = "QuickLap.ResultCollector", "QuickLap.ResultCollector\QuickLap.ResultCollector.csproj", "{0A0E5CD8-4C4F-457E-A020-A4D1CA2F3EB6}"
EndProject
Global
	GlobalSection(SolutionConfigurationPlatforms) = preSolution
		Debug|Any CPU = Debug|Any CPU
		Release|Any CPU = Release|Any CPU
	EndGlobalSection
	GlobalSection(ProjectConfigurationPlatforms) = postSolution
		{F9D8CE7D-6B4F-4418-858E-E5593CE78598}.Debug|Any CPU.ActiveCfg = Debug|Any CPU
		{F9D8CE7D-6B4F-4418-858E-E5593CE78598}.Debug|Any CPU.Build.0 = Debug|Any CPU
		{F9D8CE7D-6B4F-4418-858E-E5593CE78598}.Release|Any CPU.ActiveCfg = Release|Any CPU
		{F9D8CE7D-6B4F-4418-858E-E5593CE78598}.Release|Any CPU.Build.0 = Release|Any CPU
		{198A08DA-C7C6-4AD2-8A2F-8590BA071694}.Debug|Any CPU.ActiveCfg = Debug|Any CPU
		{198A08DA-C7C6-4AD2-8A2F-8590BA071694}.Debug|Any CPU.Build.0 = Debug|Any CPU
		{198A08DA-C7C6-4AD2-8A2F-8590BA071694}.Release|Any CPU.ActiveCfg = Release|Any CPU
		{198A08DA-C7C6-4AD2-8A2F-8590BA071694}.Release|Any CPU.Build.0 = Release|Any CPU
		{BD6E6FC0-6E93-42E2-A3BB-8B0EF4EB80CE}.Debug|Any CPU.ActiveCfg = Debug|Any CPU
		{BD6E6FC0-6E93-42E2-A3BB-8B0EF4EB80CE}.Debug|Any CPU.Build.0 = Debug|Any CPU
		{BD6E6FC0-6E93-42E2-A3BB-8B0EF4EB80CE}.Release|Any CPU.ActiveCfg = Release|Any CPU
		{BD6E6FC0-6E93-42E2-A3BB-8B0EF4EB80CE}.Release|Any CPU.Build.0 = Release|Any CPU
		{0A0E5CD8-4C4F-457E-A020-A4D1CA2F3EB6}.Debug|Any CPU.ActiveCfg = Debug|Any CPU
		{0A0E5CD8-4C4F-457E-A020-A4D1CA2F3EB6}.Debug|Any CPU.Build.0 = Debug|Any CPU
		{0A0E5CD8-4C4F-457E-A020-A4D1CA2F3EB6}.Release|Any CPU.ActiveCfg = Release|Any CPU
		{0A0E5CD8-4C4F-457E-A020-A4D1CA2F3EB6}.Release|Any CPU.Build.0 = Release|Any CPU
	EndGlobalSection
	GlobalSection(SolutionProperties) = preSolution
		HideSolutionNode = FALSE
	EndGlobalSection
	GlobalSection(ExtensibilityGlobals) = postSolution
		SolutionGuid = {2CC427AC-19BC-4FAD-9F29-0C15EDA033C8}
	EndGlobalSection
EndGlobal
